github.com/gabetucker2/gogenerics v1.1.0 h1:Lbd+qtpitLPFJpj0unWJUw77rjL+1bPc3aZQXOjVNHA=
github.com/gabetucker2/gogenerics v1.1.0/go.mod h1:dEh9+kLtYefh3RawcynnUmX/tAaCoIqLvCOesWq/32c=
github.com/gabetucker2/gogenerics v1.1.5 h1:w07QoBODIX0kQijjUAKB1JpC1fBymMBAHw31USR8LzU=
github.com/gabetucker2/gogenerics v1.1.5/go.mod h1:dEh9+kLtYefh3RawcynnUmX/tAaCoIqLvCOesWq/32c=
